{
    "_readme": [
        "This file locks the dependencies of your project to a known state",
        "Read more about it at https://getcomposer.org/doc/01-basic-usage.md#composer-lock-the-lock-file",
        "This file is @generated automatically"
    ],
    "content-hash": "065272fa1143f4fede55e44dddd5c9cc",
    "packages": [
        {
            "name": "components/underscore",
            "version": "1.8.3",
            "source": {
                "type": "git",
                "url": "https://github.com/components/underscore.git",
                "reference": "91142c898763ca8bb23a32a9808735e4998839d1"
            },
            "dist": {
                "type": "zip",
                "url": "https://api.github.com/repos/components/underscore/zipball/91142c898763ca8bb23a32a9808735e4998839d1",
                "reference": "91142c898763ca8bb23a32a9808735e4998839d1",
                "shasum": ""
            },
            "type": "component",
            "extra": {
                "component": {
                    "scripts": [
                        "underscore.js"
                    ],
                    "files": [
                        "underscore-min.js",
                        "underscore-min.map"
                    ],
                    "shim": {
                        "exports": "_"
                    }
                }
            },
            "notification-url": "https://packagist.org/downloads/",
            "license": [
                "MIT"
            ],
            "authors": [
                {
                    "name": "Jeremy Ashkenas",
                    "email": "jeremy@documentcloud.org"
                }
            ],
            "description": "JavaScript's functional programming helper library.",
            "homepage": "http://underscorejs.org",
            "keywords": [
                "browser",
                "client",
                "functional",
                "server",
                "util"
            ],
            "time": "2015-10-16T14:27:39+00:00"
        }
    ],
    "packages-dev": [],
    "aliases": [],
    "minimum-stability": "stable",
    "stability-flags": [],
    "prefer-stable": false,
    "prefer-lowest": false,
    "platform": [],
    "platform-dev": []
}
